
Microsoft Visual Studio Solution File, Format Version 12.00
# Visual Studio 2013
VisualStudioVersion = 12.0.31101.0
MinimumVisualStudioVersion = 10.0.40219.1
Project("{FAE04EC0-301F-11D3-BF4B-00C04F79EFBC}") = "EBCardsMVC", "TwoFactorAuth\EBCardsMVC.csproj", "{FE6BA35A-F2C8-4A26-8048-8D88E5245CCC}"
EndProject
Project("{2150E333-8FDC-42A3-9474-1A3956D46DE8}") = "PublishScripts", "PublishScripts", "{6B1B9183-3DEB-4F10-8043-0EEFFBB6EFB2}"
	ProjectSection(SolutionItems) = preProject
		PublishScripts\AzureWebsitePublishModule.psm1 = PublishScripts\AzureWebsitePublishModule.psm1
		PublishScripts\Publish-WebApplicationWebsite.ps1 = PublishScripts\Publish-WebApplicationWebsite.ps1
	EndProjectSection
EndProject
Project("{2150E333-8FDC-42A3-9474-1A3956D46DE8}") = "Configurations", "Configurations", "{7028EDF8-7844-4588-840E-1ED2A7EA3E17}"
	ProjectSection(SolutionItems) = preProject
		PublishScripts\Configurations\TwoFactorAuth-WAWS-dev.json = PublishScripts\Configurations\TwoFactorAuth-WAWS-dev.json
	EndProjectSection
EndProject
Project("{2150E333-8FDC-42A3-9474-1A3956D46DE8}") = ".nuget", ".nuget", "{E4183559-B0A4-442A-9010-183102676E43}"
	ProjectSection(SolutionItems) = preProject
		.nuget\packages.config = .nuget\packages.config
	EndProjectSection
EndProject
Project("{FAE04EC0-301F-11D3-BF4B-00C04F79EFBC}") = "Domain", "Domain\Domain.csproj", "{93A48C85-CA0C-44E6-9EBE-867BC627748F}"
EndProject
Project("{FAE04EC0-301F-11D3-BF4B-00C04F79EFBC}") = "EBC.Data.Tests", "EBC.Data.Tests\EBC.Data.Tests.csproj", "{6CD2DC30-BE24-415D-B6AF-3768404A7179}"
EndProject
Project("{FAE04EC0-301F-11D3-BF4B-00C04F79EFBC}") = "EBC.Dapper.Data", "EBC.Dapper.Data\EBC.Dapper.Data.csproj", "{F61611C0-B8D1-40C8-807C-E3B4A2236430}"
EndProject
Global
	GlobalSection(SolutionConfigurationPlatforms) = preSolution
		Debug|Any CPU = Debug|Any CPU
		Release|Any CPU = Release|Any CPU
	EndGlobalSection
	GlobalSection(ProjectConfigurationPlatforms) = postSolution
		{FE6BA35A-F2C8-4A26-8048-8D88E5245CCC}.Debug|Any CPU.ActiveCfg = Debug|Any CPU
		{FE6BA35A-F2C8-4A26-8048-8D88E5245CCC}.Debug|Any CPU.Build.0 = Debug|Any CPU
		{FE6BA35A-F2C8-4A26-8048-8D88E5245CCC}.Release|Any CPU.ActiveCfg = Release|Any CPU
		{FE6BA35A-F2C8-4A26-8048-8D88E5245CCC}.Release|Any CPU.Build.0 = Release|Any CPU
		{93A48C85-CA0C-44E6-9EBE-867BC627748F}.Debug|Any CPU.ActiveCfg = Debug|Any CPU
		{93A48C85-CA0C-44E6-9EBE-867BC627748F}.Debug|Any CPU.Build.0 = Debug|Any CPU
		{93A48C85-CA0C-44E6-9EBE-867BC627748F}.Release|Any CPU.ActiveCfg = Release|Any CPU
		{93A48C85-CA0C-44E6-9EBE-867BC627748F}.Release|Any CPU.Build.0 = Release|Any CPU
		{6CD2DC30-BE24-415D-B6AF-3768404A7179}.Debug|Any CPU.ActiveCfg = Debug|Any CPU
		{6CD2DC30-BE24-415D-B6AF-3768404A7179}.Debug|Any CPU.Build.0 = Debug|Any CPU
		{6CD2DC30-BE24-415D-B6AF-3768404A7179}.Release|Any CPU.ActiveCfg = Release|Any CPU
		{6CD2DC30-BE24-415D-B6AF-3768404A7179}.Release|Any CPU.Build.0 = Release|Any CPU
		{F61611C0-B8D1-40C8-807C-E3B4A2236430}.Debug|Any CPU.ActiveCfg = Debug|Any CPU
		{F61611C0-B8D1-40C8-807C-E3B4A2236430}.Debug|Any CPU.Build.0 = Debug|Any CPU
		{F61611C0-B8D1-40C8-807C-E3B4A2236430}.Release|Any CPU.ActiveCfg = Release|Any CPU
		{F61611C0-B8D1-40C8-807C-E3B4A2236430}.Release|Any CPU.Build.0 = Release|Any CPU
	EndGlobalSection
	GlobalSection(SolutionProperties) = preSolution
		HideSolutionNode = FALSE
	EndGlobalSection
	GlobalSection(NestedProjects) = preSolution
		{7028EDF8-7844-4588-840E-1ED2A7EA3E17} = {6B1B9183-3DEB-4F10-8043-0EEFFBB6EFB2}
	EndGlobalSection
EndGlobal
